// !$*UTF8*$!
{
	archiveVersion = 1;
	classes = {
	};
	objectVersion = 77;
	objects = {

/* Begin PBXBuildFile section */
		00C4F7132DDD6A8E00803D1E /* TCANestedItemsPicker in Frameworks */ = {isa = PBXBuildFile; productRef = 00C4F7122DDD6A8E00803D1E /* TCANestedItemsPicker */; };
		00C4F7A92DE0218B00803D1E /* TCANestedItemsPicker in Frameworks */ = {isa = PBXBuildFile; productRef = 00C4F7A82DE0218B00803D1E /* TCANestedItemsPicker */; };
/* End PBXBuildFile section */

/* Begin PBXContainerItemProxy section */
		007F79562DDC566800BEE0FC /* PBXContainerItemProxy */ = {
			isa = PBXContainerItemProxy;
			containerPortal = 007F793F2DDC566700BEE0FC /* Project object */;
			proxyType = 1;
			remoteGlobalIDString = 007F79462DDC566700BEE0FC;
			remoteInfo = TestLibrary;
		};
		007F79602DDC566800BEE0FC /* PBXContainerItemProxy */ = {
			isa = PBXContainerItemProxy;
			containerPortal = 007F793F2DDC566700BEE0FC /* Project object */;
			proxyType = 1;
			remoteGlobalIDString = 007F79462DDC566700BEE0FC;
			remoteInfo = TestLibrary;
		};
/* End PBXContainerItemProxy section */

/* Begin PBXFileReference section */
		007F79472DDC566700BEE0FC /* TestLibrary.app */ = {isa = PBXFileReference; explicitFileType = wrapper.application; includeInIndex = 0; path = TestLibrary.app; sourceTree = BUILT_PRODUCTS_DIR; };
		007F79552DDC566800BEE0FC /* TestLibraryTests.xctest */ = {isa = PBXFileReference; explicitFileType = wrapper.cfbundle; includeInIndex = 0; path = TestLibraryTests.xctest; sourceTree = BUILT_PRODUCTS_DIR; };
		007F795F2DDC566800BEE0FC /* TestLibraryUITests.xctest */ = {isa = PBXFileReference; explicitFileType = wrapper.cfbundle; includeInIndex = 0; path = TestLibraryUITests.xctest; sourceTree = BUILT_PRODUCTS_DIR; };
/* End PBXFileReference section */

/* Begin PBXFileSystemSynchronizedRootGroup section */
		007F79492DDC566700BEE0FC /* TestLibrary */ = {
			isa = PBXFileSystemSynchronizedRootGroup;
			path = TestLibrary;
			sourceTree = "<group>";
		};
		007F79582DDC566800BEE0FC /* TestLibraryTests */ = {
			isa = PBXFileSystemSynchronizedRootGroup;
			path = TestLibraryTests;
			sourceTree = "<group>";
		};
		007F79622DDC566800BEE0FC /* TestLibraryUITests */ = {
			isa = PBXFileSystemSynchronizedRootGroup;
			path = TestLibraryUITests;
			sourceTree = "<group>";
		};
/* End PBXFileSystemSynchronizedRootGroup section */

/* Begin PBXFrameworksBuildPhase section */
		007F79442DDC566700BEE0FC /* Frameworks */ = {
			isa = PBXFrameworksBuildPhase;
			buildActionMask = 2147483647;
			files = (
				00C4F7132DDD6A8E00803D1E /* TCANestedItemsPicker in Frameworks */,
				00C4F7A92DE0218B00803D1E /* TCANestedItemsPicker in Frameworks */,
			);
			runOnlyForDeploymentPostprocessing = 0;
		};
		007F79522DDC566800BEE0FC /* Frameworks */ = {
			isa = PBXFrameworksBuildPhase;
			buildActionMask = 2147483647;
			files = (
			);
			runOnlyForDeploymentPostprocessing = 0;
		};
		007F795C2DDC566800BEE0FC /* Frameworks */ = {
			isa = PBXFrameworksBuildPhase;
			buildActionMask = 2147483647;
			files = (
			);
			runOnlyForDeploymentPostprocessing = 0;
		};
/* End PBXFrameworksBuildPhase section */

/* Begin PBXGroup section */
		007F793E2DDC566700BEE0FC = {
			isa = PBXGroup;
			children = (
				007F79492DDC566700BEE0FC /* TestLibrary */,
				007F79582DDC566800BEE0FC /* TestLibraryTests */,
				007F79622DDC566800BEE0FC /* TestLibraryUITests */,
				007F79482DDC566700BEE0FC /* Products */,
			);
			sourceTree = "<group>";
		};
		007F79482DDC566700BEE0FC /* Products */ = {
			isa = PBXGroup;
			children = (
				007F79472DDC566700BEE0FC /* TestLibrary.app */,
				007F79552DDC566800BEE0FC /* TestLibraryTests.xctest */,
				007F795F2DDC566800BEE0FC /* TestLibraryUITests.xctest */,
			);
			name = Products;
			sourceTree = "<group>";
		};
/* End PBXGroup section */

/* Begin PBXNativeTarget section */
		007F79462DDC566700BEE0FC /* TestLibrary */ = {
			isa = PBXNativeTarget;
			buildConfigurationList = 007F79692DDC566800BEE0FC /* Build configuration list for PBXNativeTarget "TestLibrary" */;
			buildPhases = (
				007F79432DDC566700BEE0FC /* Sources */,
				007F79442DDC566700BEE0FC /* Frameworks */,
				007F79452DDC566700BEE0FC /* Resources */,
			);
			buildRules = (
			);
			dependencies = (
			);
			fileSystemSynchronizedGroups = (
				007F79492DDC566700BEE0FC /* TestLibrary */,
			);
			name = TestLibrary;
			packageProductDependencies = (
				00C4F7122DDD6A8E00803D1E /* TCANestedItemsPicker */,
				00C4F7A82DE0218B00803D1E /* TCANestedItemsPicker */,
			);
			productName = TestLibrary;
			productReference = 007F79472DDC566700BEE0FC /* TestLibrary.app */;
			productType = "com.apple.product-type.application";
		};
		007F79542DDC566800BEE0FC /* TestLibraryTests */ = {
			isa = PBXNativeTarget;
			buildConfigurationList = 007F796C2DDC566800BEE0FC /* Build configuration list for PBXNativeTarget "TestLibraryTests" */;
			buildPhases = (
				007F79512DDC566800BEE0FC /* Sources */,
				007F79522DDC566800BEE0FC /* Frameworks */,
				007F79532DDC566800BEE0FC /* Resources */,
			);
			buildRules = (
			);
			dependencies = (
				007F79572DDC566800BEE0FC /* PBXTargetDependency */,
			);
			fileSystemSynchronizedGroups = (
				007F79582DDC566800BEE0FC /* TestLibraryTests */,
			);
			name = TestLibraryTests;
			packageProductDependencies = (
			);
			productName = TestLibraryTests;
			productReference = 007F79552DDC566800BEE0FC /* TestLibraryTests.xctest */;
			productType = "com.apple.product-type.bundle.unit-test";
		};
		007F795E2DDC566800BEE0FC /* TestLibraryUITests */ = {
			isa = PBXNativeTarget;
			buildConfigurationList = 007F796F2DDC566800BEE0FC /* Build configuration list for PBXNativeTarget "TestLibraryUITests" */;
			buildPhases = (
				007F795B2DDC566800BEE0FC /* Sources */,
				007F795C2DDC566800BEE0FC /* Frameworks */,
				007F795D2DDC566800BEE0FC /* Resources */,
			);
			buildRules = (
			);
			dependencies = (
				007F79612DDC566800BEE0FC /* PBXTargetDependency */,
			);
			fileSystemSynchronizedGroups = (
				007F79622DDC566800BEE0FC /* TestLibraryUITests */,
			);
			name = TestLibraryUITests;
			packageProductDependencies = (
			);
			productName = TestLibraryUITests;
			productReference = 007F795F2DDC566800BEE0FC /* TestLibraryUITests.xctest */;
			productType = "com.apple.product-type.bundle.ui-testing";
		};
/* End PBXNativeTarget section */

/* Begin PBXProject section */
		007F793F2DDC566700BEE0FC /* Project object */ = {
			isa = PBXProject;
			attributes = {
				BuildIndependentTargetsInParallel = 1;
				LastSwiftUpdateCheck = 1630;
				LastUpgradeCheck = 1630;
				TargetAttributes = {
					007F79462DDC566700BEE0FC = {
						CreatedOnToolsVersion = 16.3;
					};
					007F79542DDC566800BEE0FC = {
						CreatedOnToolsVersion = 16.3;
						TestTargetID = 007F79462DDC566700BEE0FC;
					};
					007F795E2DDC566800BEE0FC = {
						CreatedOnToolsVersion = 16.3;
						TestTargetID = 007F79462DDC566700BEE0FC;
					};
				};
			};
			buildConfigurationList = 007F79422DDC566700BEE0FC /* Build configuration list for PBXProject "TestLibrary" */;
			developmentRegion = en;
			hasScannedForEncodings = 0;
			knownRegions = (
				en,
				Base,
			);
			mainGroup = 007F793E2DDC566700BEE0FC;
			minimizedProjectReferenceProxies = 1;
			packageReferences = (
				00C4F7A72DE0218B00803D1E /* XCLocalSwiftPackageReference "../../TCANestedItemsPicker" */,
			);
			preferredProjectObjectVersion = 77;
			productRefGroup = 007F79482DDC566700BEE0FC /* Products */;
			projectDirPath = "";
			projectRoot = "";
			targets = (
				007F79462DDC566700BEE0FC /* TestLibrary */,
				007F79542DDC566800BEE0FC /* TestLibraryTests */,
				007F795E2DDC566800BEE0FC /* TestLibraryUITests */,
			);
		};
/* End PBXProject section */

/* Begin PBXResourcesBuildPhase section */
		007F79452DDC566700BEE0FC /* Resources */ = {
			isa = PBXResourcesBuildPhase;
			buildActionMask = 2147483647;
			files = (
			);
			runOnlyForDeploymentPostprocessing = 0;
		};
		007F79532DDC566800BEE0FC /* Resources */ = {
			isa = PBXResourcesBuildPhase;
			buildActionMask = 2147483647;
			files = (
			);
			runOnlyForDeploymentPostprocessing = 0;
		};
		007F795D2DDC566800BEE0FC /* Resources */ = {
			isa = PBXResourcesBuildPhase;
			buildActionMask = 2147483647;
			files = (
			);
			runOnlyForDeploymentPostprocessing = 0;
		};
/* End PBXResourcesBuildPhase section */

/* Begin PBXSourcesBuildPhase section */
		007F79432DDC566700BEE0FC /* Sources */ = {
			isa = PBXSourcesBuildPhase;
			buildActionMask = 2147483647;
			files = (
			);
			runOnlyForDeploymentPostprocessing = 0;
		};
		007F79512DDC566800BEE0FC /* Sources */ = {
			isa = PBXSourcesBuildPhase;
			buildActionMask = 2147483647;
			files = (
			);
			runOnlyForDeploymentPostprocessing = 0;
		};
		007F795B2DDC566800BEE0FC /* Sources */ = {
			isa = PBXSourcesBuildPhase;
			buildActionMask = 2147483647;
			files = (
			);
			runOnlyForDeploymentPostprocessing = 0;
		};
/* End PBXSourcesBuildPhase section */

/* Begin PBXTargetDependency section */
		007F79572DDC566800BEE0FC /* PBXTargetDependency */ = {
			isa = PBXTargetDependency;
			target = 007F79462DDC566700BEE0FC /* TestLibrary */;
			targetProxy = 007F79562DDC566800BEE0FC /* PBXContainerItemProxy */;
		};
		007F79612DDC566800BEE0FC /* PBXTargetDependency */ = {
			isa = PBXTargetDependency;
			target = 007F79462DDC566700BEE0FC /* TestLibrary */;
			targetProxy = 007F79602DDC566800BEE0FC /* PBXContainerItemProxy */;
		};
/* End PBXTargetDependency section */

/* Begin XCBuildConfiguration section */
		007F79672DDC566800BEE0FC /* Debug */ = {
			isa = XCBuildConfiguration;
			buildSettings = {
				ALWAYS_SEARCH_USER_PATHS = NO;
				ASSETCATALOG_COMPILER_GENERATE_SWIFT_ASSET_SYMBOL_EXTENSIONS = YES;
				CLANG_ANALYZER_NONNULL = YES;
				CLANG_ANALYZER_NUMBER_OBJECT_CONVERSION = YES_AGGRESSIVE;
				CLANG_CXX_LANGUAGE_STANDARD = "gnu++20";
				CLANG_ENABLE_MODULES = YES;
				CLANG_ENABLE_OBJC_ARC = YES;
				CLANG_ENABLE_OBJC_WEAK = YES;
				CLANG_WARN_BLOCK_CAPTURE_AUTORELEASING = YES;
				CLANG_WARN_BOOL_CONVERSION = YES;
				CLANG_WARN_COMMA = YES;
				CLANG_WARN_CONSTANT_CONVERSION = YES;
				CLANG_WARN_DEPRECATED_OBJC_IMPLEMENTATIONS = YES;
				CLANG_WARN_DIRECT_OBJC_ISA_USAGE = YES_ERROR;
				CLANG_WARN_DOCUMENTATION_COMMENTS = YES;
				CLANG_WARN_EMPTY_BODY = YES;
				CLANG_WARN_ENUM_CONVERSION = YES;
				CLANG_WARN_INFINITE_RECURSION = YES;
				CLANG_WARN_INT_CONVERSION = YES;
				CLANG_WARN_NON_LITERAL_NULL_CONVERSION = YES;
				CLANG_WARN_OBJC_IMPLICIT_RETAIN_SELF = YES;
				CLANG_WARN_OBJC_LITERAL_CONVERSION = YES;
				CLANG_WARN_OBJC_ROOT_CLASS = YES_ERROR;
				CLANG_WARN_QUOTED_INCLUDE_IN_FRAMEWORK_HEADER = YES;
				CLANG_WARN_RANGE_LOOP_ANALYSIS = YES;
				CLANG_WARN_STRICT_PROTOTYPES = YES;
				CLANG_WARN_SUSPICIOUS_MOVE = YES;
				CLANG_WARN_UNGUARDED_AVAILABILITY = YES_AGGRESSIVE;
				CLANG_WARN_UNREACHABLE_CODE = YES;
				CLANG_WARN__DUPLICATE_METHOD_MATCH = YES;
				COPY_PHASE_STRIP = NO;
				DEBUG_INFORMATION_FORMAT = dwarf;
				DEVELOPMENT_TEAM = 3ZP6TNB33L;
				ENABLE_STRICT_OBJC_MSGSEND = YES;
				ENABLE_TESTABILITY = YES;
				ENABLE_USER_SCRIPT_SANDBOXING = YES;
				GCC_C_LANGUAGE_STANDARD = gnu17;
				GCC_DYNAMIC_NO_PIC = NO;
				GCC_NO_COMMON_BLOCKS = YES;
				GCC_OPTIMIZATION_LEVEL = 0;
				GCC_PREPROCESSOR_DEFINITIONS = (
					"DEBUG=1",
					"$(inherited)",
				);
				GCC_WARN_64_TO_32_BIT_CONVERSION = YES;
				GCC_WARN_ABOUT_RETURN_TYPE = YES_ERROR;
				GCC_WARN_UNDECLARED_SELECTOR = YES;
				GCC_WARN_UNINITIALIZED_AUTOS = YES_AGGRESSIVE;
				GCC_WARN_UNUSED_FUNCTION = YES;
				GCC_WARN_UNUSED_VARIABLE = YES;
				LOCALIZATION_PREFERS_STRING_CATALOGS = YES;
				MTL_ENABLE_DEBUG_INFO = INCLUDE_SOURCE;
				MTL_FAST_MATH = YES;
				ONLY_ACTIVE_ARCH = YES;
				SWIFT_ACTIVE_COMPILATION_CONDITIONS = "DEBUG $(inherited)";
				SWIFT_OPTIMIZATION_LEVEL = "-Onone";
			};
			name = Debug;
		};
		007F79682DDC566800BEE0FC /* Release */ = {
			isa = XCBuildConfiguration;
			buildSettings = {
				ALWAYS_SEARCH_USER_PATHS = NO;
				ASSETCATALOG_COMPILER_GENERATE_SWIFT_ASSET_SYMBOL_EXTENSIONS = YES;
				CLANG_ANALYZER_NONNULL = YES;
				CLANG_ANALYZER_NUMBER_OBJECT_CONVERSION = YES_AGGRESSIVE;
				CLANG_CXX_LANGUAGE_STANDARD = "gnu++20";
				CLANG_ENABLE_MODULES = YES;
				CLANG_ENABLE_OBJC_ARC = YES;
				CLANG_ENABLE_OBJC_WEAK = YES;
				CLANG_WARN_BLOCK_CAPTURE_AUTORELEASING = YES;
				CLANG_WARN_BOOL_CONVERSION = YES;
				CLANG_WARN_COMMA = YES;
				CLANG_WARN_CONSTANT_CONVERSION = YES;
				CLANG_WARN_DEPRECATED_OBJC_IMPLEMENTATIONS = YES;
				CLANG_WARN_DIRECT_OBJC_ISA_USAGE = YES_ERROR;
				CLANG_WARN_DOCUMENTATION_COMMENTS = YES;
				CLANG_WARN_EMPTY_BODY = YES;
				CLANG_WARN_ENUM_CONVERSION = YES;
				CLANG_WARN_INFINITE_RECURSION = YES;
				CLANG_WARN_INT_CONVERSION = YES;
				CLANG_WARN_NON_LITERAL_NULL_CONVERSION = YES;
				CLANG_WARN_OBJC_IMPLICIT_RETAIN_SELF = YES;
				CLANG_WARN_OBJC_LITERAL_CONVERSION = YES;
				CLANG_WARN_OBJC_ROOT_CLASS = YES_ERROR;
				CLANG_WARN_QUOTED_INCLUDE_IN_FRAMEWORK_HEADER = YES;
				CLANG_WARN_RANGE_LOOP_ANALYSIS = YES;
				CLANG_WARN_STRICT_PROTOTYPES = YES;
				CLANG_WARN_SUSPICIOUS_MOVE = YES;
				CLANG_WARN_UNGUARDED_AVAILABILITY = YES_AGGRESSIVE;
				CLANG_WARN_UNREACHABLE_CODE = YES;
				CLANG_WARN__DUPLICATE_METHOD_MATCH = YES;
				COPY_PHASE_STRIP = NO;
				DEBUG_INFORMATION_FORMAT = "dwarf-with-dsym";
				DEVELOPMENT_TEAM = 3ZP6TNB33L;
				ENABLE_NS_ASSERTIONS = NO;
				ENABLE_STRICT_OBJC_MSGSEND = YES;
				ENABLE_USER_SCRIPT_SANDBOXING = YES;
				GCC_C_LANGUAGE_STANDARD = gnu17;
				GCC_NO_COMMON_BLOCKS = YES;
				GCC_WARN_64_TO_32_BIT_CONVERSION = YES;
				GCC_WARN_ABOUT_RETURN_TYPE = YES_ERROR;
				GCC_WARN_UNDECLARED_SELECTOR = YES;
				GCC_WARN_UNINITIALIZED_AUTOS = YES_AGGRESSIVE;
				GCC_WARN_UNUSED_FUNCTION = YES;
				GCC_WARN_UNUSED_VARIABLE = YES;
				LOCALIZATION_PREFERS_STRING_CATALOGS = YES;
				MTL_ENABLE_DEBUG_INFO = NO;
				MTL_FAST_MATH = YES;
				SWIFT_COMPILATION_MODE = wholemodule;
			};
			name = Release;
		};
		007F796A2DDC566800BEE0FC /* Debug */ = {
			isa = XCBuildConfiguration;
			buildSettings = {
				ASSETCATALOG_COMPILER_APPICON_NAME = AppIcon;
				ASSETCATALOG_COMPILER_GLOBAL_ACCENT_COLOR_NAME = AccentColor;
				CODE_SIGN_ENTITLEMENTS = TestLibrary/TestLibrary.entitlements;
				CODE_SIGN_STYLE = Automatic;
				CURRENT_PROJECT_VERSION = 1;
				DEVELOPMENT_TEAM = 3ZP6TNB33L;
				ENABLE_HARDENED_RUNTIME = YES;
				ENABLE_PREVIEWS = YES;
				GENERATE_INFOPLIST_FILE = YES;
				"INFOPLIST_KEY_UIApplicationSceneManifest_Generation[sdk=iphoneos*]" = YES;
				"INFOPLIST_KEY_UIApplicationSceneManifest_Generation[sdk=iphonesimulator*]" = YES;
				"INFOPLIST_KEY_UIApplicationSupportsIndirectInputEvents[sdk=iphoneos*]" = YES;
				"INFOPLIST_KEY_UIApplicationSupportsIndirectInputEvents[sdk=iphonesimulator*]" = YES;
				"INFOPLIST_KEY_UILaunchScreen_Generation[sdk=iphoneos*]" = YES;
				"INFOPLIST_KEY_UILaunchScreen_Generation[sdk=iphonesimulator*]" = YES;
				"INFOPLIST_KEY_UIStatusBarStyle[sdk=iphoneos*]" = UIStatusBarStyleDefault;
				"INFOPLIST_KEY_UIStatusBarStyle[sdk=iphonesimulator*]" = UIStatusBarStyleDefault;
				INFOPLIST_KEY_UISupportedInterfaceOrientations_iPad = "UIInterfaceOrientationPortrait UIInterfaceOrientationPortraitUpsideDown UIInterfaceOrientationLandscapeLeft UIInterfaceOrientationLandscapeRight";
				INFOPLIST_KEY_UISupportedInterfaceOrientations_iPhone = "UIInterfaceOrientationPortrait UIInterfaceOrientationLandscapeLeft UIInterfaceOrientationLandscapeRight";
				IPHONEOS_DEPLOYMENT_TARGET = 18.4;
				LD_RUNPATH_SEARCH_PATHS = "@executable_path/Frameworks";
				"LD_RUNPATH_SEARCH_PATHS[sdk=macosx*]" = "@executable_path/../Frameworks";
				MACOSX_DEPLOYMENT_TARGET = 15.4;
				MARKETING_VERSION = 1.0;
				PRODUCT_BUNDLE_IDENTIFIER = com.fededri.TestLibrary;
				PRODUCT_NAME = "$(TARGET_NAME)";
				REGISTER_APP_GROUPS = YES;
				SDKROOT = auto;
				SUPPORTED_PLATFORMS = "iphoneos iphonesimulator macosx xros xrsimulator";
				SWIFT_EMIT_LOC_STRINGS = YES;
				SWIFT_VERSION = 5.0;
				TARGETED_DEVICE_FAMILY = "1,2,7";
				XROS_DEPLOYMENT_TARGET = 2.4;
			};
			name = Debug;
		};
		007F796B2DDC566800BEE0FC /* Release */ = {
			isa = XCBuildConfiguration;
			buildSettings = {
				ASSETCATALOG_COMPILER_APPICON_NAME = AppIcon;
				ASSETCATALOG_COMPILER_GLOBAL_ACCENT_COLOR_NAME = AccentColor;
				CODE_SIGN_ENTITLEMENTS = TestLibrary/TestLibrary.entitlements;
				CODE_SIGN_STYLE = Automatic;
				CURRENT_PROJECT_VERSION = 1;
				DEVELOPMENT_TEAM = 3ZP6TNB33L;
				ENABLE_HARDENED_RUNTIME = YES;
				ENABLE_PREVIEWS = YES;
				GENERATE_INFOPLIST_FILE = YES;
				"INFOPLIST_KEY_UIApplicationSceneManifest_Generation[sdk=iphoneos*]" = YES;
				"INFOPLIST_KEY_UIApplicationSceneManifest_Generation[sdk=iphonesimulator*]" = YES;
				"INFOPLIST_KEY_UIApplicationSupportsIndirectInputEvents[sdk=iphoneos*]" = YES;
				"INFOPLIST_KEY_UIApplicationSupportsIndirectInputEvents[sdk=iphonesimulator*]" = YES;
				"INFOPLIST_KEY_UILaunchScreen_Generation[sdk=iphoneos*]" = YES;
				"INFOPLIST_KEY_UILaunchScreen_Generation[sdk=iphonesimulator*]" = YES;
				"INFOPLIST_KEY_UIStatusBarStyle[sdk=iphoneos*]" = UIStatusBarStyleDefault;
				"INFOPLIST_KEY_UIStatusBarStyle[sdk=iphonesimulator*]" = UIStatusBarStyleDefault;
				INFOPLIST_KEY_UISupportedInterfaceOrientations_iPad = "UIInterfaceOrientationPortrait UIInterfaceOrientationPortraitUpsideDown UIInterfaceOrientationLandscapeLeft UIInterfaceOrientationLandscapeRight";
				INFOPLIST_KEY_UISupportedInterfaceOrientations_iPhone = "UIInterfaceOrientationPortrait UIInterfaceOrientationLandscapeLeft UIInterfaceOrientationLandscapeRight";
				IPHONEOS_DEPLOYMENT_TARGET = 18.4;
				LD_RUNPATH_SEARCH_PATHS = "@executable_path/Frameworks";
				"LD_RUNPATH_SEARCH_PATHS[sdk=macosx*]" = "@executable_path/../Frameworks";
				MACOSX_DEPLOYMENT_TARGET = 15.4;
				MARKETING_VERSION = 1.0;
				PRODUCT_BUNDLE_IDENTIFIER = com.fededri.TestLibrary;
				PRODUCT_NAME = "$(TARGET_NAME)";
				REGISTER_APP_GROUPS = YES;
				SDKROOT = auto;
				SUPPORTED_PLATFORMS = "iphoneos iphonesimulator macosx xros xrsimulator";
				SWIFT_EMIT_LOC_STRINGS = YES;
				SWIFT_VERSION = 5.0;
				TARGETED_DEVICE_FAMILY = "1,2,7";
				XROS_DEPLOYMENT_TARGET = 2.4;
			};
			name = Release;
		};
		007F796D2DDC566800BEE0FC /* Debug */ = {
			isa = XCBuildConfiguration;
			buildSettings = {
				BUNDLE_LOADER = "$(TEST_HOST)";
				CODE_SIGN_STYLE = Automatic;
				CURRENT_PROJECT_VERSION = 1;
				DEVELOPMENT_TEAM = 3ZP6TNB33L;
				GENERATE_INFOPLIST_FILE = YES;
				IPHONEOS_DEPLOYMENT_TARGET = 18.4;
				MACOSX_DEPLOYMENT_TARGET = 15.4;
				MARKETING_VERSION = 1.0;
				PRODUCT_BUNDLE_IDENTIFIER = com.fededri.TestLibraryTests;
				PRODUCT_NAME = "$(TARGET_NAME)";
				SDKROOT = auto;
				SUPPORTED_PLATFORMS = "iphoneos iphonesimulator macosx xros xrsimulator";
				SWIFT_EMIT_LOC_STRINGS = NO;
				SWIFT_VERSION = 5.0;
				TARGETED_DEVICE_FAMILY = "1,2,7";
				TEST_HOST = "$(BUILT_PRODUCTS_DIR)/TestLibrary.app/$(BUNDLE_EXECUTABLE_FOLDER_PATH)/TestLibrary";
				XROS_DEPLOYMENT_TARGET = 2.4;
			};
			name = Debug;
		};
		007F796E2DDC566800BEE0FC /* Release */ = {
			isa = XCBuildConfiguration;
			buildSettings = {
				BUNDLE_LOADER = "$(TEST_HOST)";
				CODE_SIGN_STYLE = Automatic;
				CURRENT_PROJECT_VERSION = 1;
				DEVELOPMENT_TEAM = 3ZP6TNB33L;
				GENERATE_INFOPLIST_FILE = YES;
				IPHONEOS_DEPLOYMENT_TARGET = 18.4;
				MACOSX_DEPLOYMENT_TARGET = 15.4;
				MARKETING_VERSION = 1.0;
				PRODUCT_BUNDLE_IDENTIFIER = com.fededri.TestLibraryTests;
				PRODUCT_NAME = "$(TARGET_NAME)";
				SDKROOT = auto;
				SUPPORTED_PLATFORMS = "iphoneos iphonesimulator macosx xros xrsimulator";
				SWIFT_EMIT_LOC_STRINGS = NO;
				SWIFT_VERSION = 5.0;
				TARGETED_DEVICE_FAMILY = "1,2,7";
				TEST_HOST = "$(BUILT_PRODUCTS_DIR)/TestLibrary.app/$(BUNDLE_EXECUTABLE_FOLDER_PATH)/TestLibrary";
				XROS_DEPLOYMENT_TARGET = 2.4;
			};
			name = Release;
		};
		007F79702DDC566800BEE0FC /* Debug */ = {
			isa = XCBuildConfiguration;
			buildSettings = {
				CODE_SIGN_STYLE = Automatic;
				CURRENT_PROJECT_VERSION = 1;
				DEVELOPMENT_TEAM = 3ZP6TNB33L;
				GENERATE_INFOPLIST_FILE = YES;
				IPHONEOS_DEPLOYMENT_TARGET = 18.4;
				MACOSX_DEPLOYMENT_TARGET = 15.4;
				MARKETING_VERSION = 1.0;
				PRODUCT_BUNDLE_IDENTIFIER = com.fededri.TestLibraryUITests;
				PRODUCT_NAME = "$(TARGET_NAME)";
				SDKROOT = auto;
				SUPPORTED_PLATFORMS = "iphoneos iphonesimulator macosx xros xrsimulator";
				SWIFT_EMIT_LOC_STRINGS = NO;
				SWIFT_VERSION = 5.0;
				TARGETED_DEVICE_FAMILY = "1,2,7";
				TEST_TARGET_NAME = TestLibrary;
				XROS_DEPLOYMENT_TARGET = 2.4;
			};
			name = Debug;
		};
		007F79712DDC566800BEE0FC /* Release */ = {
			isa = XCBuildConfiguration;
			buildSettings = {
				CODE_SIGN_STYLE = Automatic;
				CURRENT_PROJECT_VERSION = 1;
				DEVELOPMENT_TEAM = 3ZP6TNB33L;
				GENERATE_INFOPLIST_FILE = YES;
				IPHONEOS_DEPLOYMENT_TARGET = 18.4;
				MACOSX_DEPLOYMENT_TARGET = 15.4;
				MARKETING_VERSION = 1.0;
				PRODUCT_BUNDLE_IDENTIFIER = com.fededri.TestLibraryUITests;
				PRODUCT_NAME = "$(TARGET_NAME)";
				SDKROOT = auto;
				SUPPORTED_PLATFORMS = "iphoneos iphonesimulator macosx xros xrsimulator";
				SWIFT_EMIT_LOC_STRINGS = NO;
				SWIFT_VERSION = 5.0;
				TARGETED_DEVICE_FAMILY = "1,2,7";
				TEST_TARGET_NAME = TestLibrary;
				XROS_DEPLOYMENT_TARGET = 2.4;
			};
			name = Release;
		};
/* End XCBuildConfiguration section */

/* Begin XCConfigurationList section */
		007F79422DDC566700BEE0FC /* Build configuration list for PBXProject "TestLibrary" */ = {
			isa = XCConfigurationList;
			buildConfigurations = (
				007F79672DDC566800BEE0FC /* Debug */,
				007F79682DDC566800BEE0FC /* Release */,
			);
			defaultConfigurationIsVisible = 0;
			defaultConfigurationName = Release;
		};
		007F79692DDC566800BEE0FC /* Build configuration list for PBXNativeTarget "TestLibrary" */ = {
			isa = XCConfigurationList;
			buildConfigurations = (
				007F796A2DDC566800BEE0FC /* Debug */,
				007F796B2DDC566800BEE0FC /* Release */,
			);
			defaultConfigurationIsVisible = 0;
			defaultConfigurationName = Release;
		};
		007F796C2DDC566800BEE0FC /* Build configuration list for PBXNativeTarget "TestLibraryTests" */ = {
			isa = XCConfigurationList;
			buildConfigurations = (
				007F796D2DDC566800BEE0FC /* Debug */,
				007F796E2DDC566800BEE0FC /* Release */,
			);
			defaultConfigurationIsVisible = 0;
			defaultConfigurationName = Release;
		};
		007F796F2DDC566800BEE0FC /* Build configuration list for PBXNativeTarget "TestLibraryUITests" */ = {
			isa = XCConfigurationList;
			buildConfigurations = (
				007F79702DDC566800BEE0FC /* Debug */,
				007F79712DDC566800BEE0FC /* Release */,
			);
			defaultConfigurationIsVisible = 0;
			defaultConfigurationName = Release;
		};
/* End XCConfigurationList section */

/* Begin XCLocalSwiftPackageReference section */
		00C4F7A72DE0218B00803D1E /* XCLocalSwiftPackageReference "../../TCANestedItemsPicker" */ = {
			isa = XCLocalSwiftPackageReference;
			relativePath = ../../TCANestedItemsPicker;
		};
/* End XCLocalSwiftPackageReference section */

/* Begin XCSwiftPackageProductDependency section */
		00C4F7122DDD6A8E00803D1E /* TCANestedItemsPicker */ = {
			isa = XCSwiftPackageProductDependency;
			productName = TCANestedItemsPicker;
		};
		00C4F7A82DE0218B00803D1E /* TCANestedItemsPicker */ = {
			isa = XCSwiftPackageProductDependency;
			productName = TCANestedItemsPicker;
		};
/* End XCSwiftPackageProductDependency section */
	};
	rootObject = 007F793F2DDC566700BEE0FC /* Project object */;
}
